
Microsoft Visual Studio Solution File, Format Version 12.00
# Visual Studio 15
VisualStudioVersion = 15.0.27703.2018
MinimumVisualStudioVersion = 10.0.40219.1
Project("{888888A0-9F3D-457C-B088-3A5042F75D52}") = "WordsReminder", "WordsReminder\WordsReminder.pyproj", "{1CC380F9-611C-41D4-9B41-4A4FB18947CE}"
EndProject
Global
	GlobalSection(SolutionConfigurationPlatforms) = preSolution
		Debug|Any CPU = Debug|Any CPU
		Release|Any CPU = Release|Any CPU
	EndGlobalSection
	GlobalSection(ProjectConfigurationPlatforms) = postSolution
		{1CC380F9-611C-41D4-9B41-4A4FB18947CE}.Debug|Any CPU.ActiveCfg = Debug|Any CPU
		{1CC380F9-611C-41D4-9B41-4A4FB18947CE}.Release|Any CPU.ActiveCfg = Release|Any CPU
	EndGlobalSection
	GlobalSection(SolutionProperties) = preSolution
		HideSolutionNode = FALSE
	EndGlobalSection
	GlobalSection(ExtensibilityGlobals) = postSolution
		SolutionGuid = {CE78E9A7-479B-4CEA-B316-D1429F21B5F3}
	EndGlobalSection
EndGlobal
